// !$*UTF8*$!
{
	archiveVersion = 1;
	classes = {
	};
	objectVersion = 56;
	objects = {

/* Begin PBXBuildFile section */
		F82315CE299708190026D036 /* LeaderboardHeader.swift in Sources */ = {isa = PBXBuildFile; fileRef = F82315CD299708190026D036 /* LeaderboardHeader.swift */; };
		F82315D029971AD90026D036 /* LBRegionModeSec.swift in Sources */ = {isa = PBXBuildFile; fileRef = F82315CF29971AD90026D036 /* LBRegionModeSec.swift */; };
		F82315D229971CDD0026D036 /* LBGameInfoList.swift in Sources */ = {isa = PBXBuildFile; fileRef = F82315D129971CDD0026D036 /* LBGameInfoList.swift */; };
		F82315D62997214A0026D036 /* LBGameInfoCard.swift in Sources */ = {isa = PBXBuildFile; fileRef = F82315D52997214A0026D036 /* LBGameInfoCard.swift */; };
		F82315D8299721690026D036 /* LBGameDetail.swift in Sources */ = {isa = PBXBuildFile; fileRef = F82315D7299721690026D036 /* LBGameDetail.swift */; };
		F82315E02997E6310026D036 /* CustomColor.swift in Sources */ = {isa = PBXBuildFile; fileRef = F82315DF2997E6310026D036 /* CustomColor.swift */; };
		F82315E22999CC170026D036 /* GoogleService-Info.plist in Resources */ = {isa = PBXBuildFile; fileRef = F82315E12999CC170026D036 /* GoogleService-Info.plist */; };
		F827D59229777AF4007DE110 /* geo_gnosis_iosApp.swift in Sources */ = {isa = PBXBuildFile; fileRef = F827D59129777AF4007DE110 /* geo_gnosis_iosApp.swift */; };
		F827D59429777AF4007DE110 /* ContentView.swift in Sources */ = {isa = PBXBuildFile; fileRef = F827D59329777AF4007DE110 /* ContentView.swift */; };
		F827D59629777AF5007DE110 /* Assets.xcassets in Resources */ = {isa = PBXBuildFile; fileRef = F827D59529777AF5007DE110 /* Assets.xcassets */; };
		F827D59929777AF5007DE110 /* Preview Assets.xcassets in Resources */ = {isa = PBXBuildFile; fileRef = F827D59829777AF5007DE110 /* Preview Assets.xcassets */; };
		F827D5A329777AF5007DE110 /* geo_gnosis_iosTests.swift in Sources */ = {isa = PBXBuildFile; fileRef = F827D5A229777AF5007DE110 /* geo_gnosis_iosTests.swift */; };
		F827D5AD29777AF5007DE110 /* geo_gnosis_iosUITests.swift in Sources */ = {isa = PBXBuildFile; fileRef = F827D5AC29777AF5007DE110 /* geo_gnosis_iosUITests.swift */; };
		F827D5AF29777AF5007DE110 /* geo_gnosis_iosUITestsLaunchTests.swift in Sources */ = {isa = PBXBuildFile; fileRef = F827D5AE29777AF5007DE110 /* geo_gnosis_iosUITestsLaunchTests.swift */; };
		F83C878B297DB970008FA89D /* Start.swift in Sources */ = {isa = PBXBuildFile; fileRef = F83C878A297DB970008FA89D /* Start.swift */; };
		F83C878D297DC10F008FA89D /* GameMap.swift in Sources */ = {isa = PBXBuildFile; fileRef = F83C878C297DC10F008FA89D /* GameMap.swift */; };
		F83C878F297DCACB008FA89D /* MapView.swift in Sources */ = {isa = PBXBuildFile; fileRef = F83C878E297DCACB008FA89D /* MapView.swift */; };
		F83C879E297DF75B008FA89D /* locationData.json in Resources */ = {isa = PBXBuildFile; fileRef = F83C879D297DF75B008FA89D /* locationData.json */; };
		F83C87A4297E030F008FA89D /* sampleLocationData.json in Resources */ = {isa = PBXBuildFile; fileRef = F83C87A3297E030F008FA89D /* sampleLocationData.json */; };
		F83C87AA297F5500008FA89D /* EndGame.swift in Sources */ = {isa = PBXBuildFile; fileRef = F83C87A9297F5500008FA89D /* EndGame.swift */; };
		F87ABBB029820DD6007E2EA3 /* Coordinator.swift in Sources */ = {isa = PBXBuildFile; fileRef = F87ABBAF29820DD6007E2EA3 /* Coordinator.swift */; };
		F87ABBB229820E10007E2EA3 /* RootView.swift in Sources */ = {isa = PBXBuildFile; fileRef = F87ABBB129820E10007E2EA3 /* RootView.swift */; };
		F87ABBB429836663007E2EA3 /* Location.swift in Sources */ = {isa = PBXBuildFile; fileRef = F87ABBB329836663007E2EA3 /* Location.swift */; };
		F87ABBB62983671C007E2EA3 /* LocationData.swift in Sources */ = {isa = PBXBuildFile; fileRef = F87ABBB52983671C007E2EA3 /* LocationData.swift */; };
		F87ABBBA29837475007E2EA3 /* sampleLocationData2.json in Resources */ = {isa = PBXBuildFile; fileRef = F87ABBB929837475007E2EA3 /* sampleLocationData2.json */; };
		F87ABBBE2986050B007E2EA3 /* RoundInfo.swift in Sources */ = {isa = PBXBuildFile; fileRef = F87ABBBD2986050B007E2EA3 /* RoundInfo.swift */; };
		F87ABBC029862FBF007E2EA3 /* EndGameCard.swift in Sources */ = {isa = PBXBuildFile; fileRef = F87ABBBF29862FBF007E2EA3 /* EndGameCard.swift */; };
		F87ABBC6298702F8007E2EA3 /* MapView2.swift in Sources */ = {isa = PBXBuildFile; fileRef = F87ABBC5298702F8007E2EA3 /* MapView2.swift */; };
		F87ABBC829870A4A007E2EA3 /* PinLocation.swift in Sources */ = {isa = PBXBuildFile; fileRef = F87ABBC729870A4A007E2EA3 /* PinLocation.swift */; };
		F87ABBCC2989F79B007E2EA3 /* GameInfo.swift in Sources */ = {isa = PBXBuildFile; fileRef = F87ABBCB2989F79B007E2EA3 /* GameInfo.swift */; };
		F87ABBD0298C783A007E2EA3 /* RoundData.swift in Sources */ = {isa = PBXBuildFile; fileRef = F87ABBCF298C783A007E2EA3 /* RoundData.swift */; };
		F87ABBD2298E9AAE007E2EA3 /* DropDown.swift in Sources */ = {isa = PBXBuildFile; fileRef = F87ABBD1298E9AAE007E2EA3 /* DropDown.swift */; };
		F87ABBD4298F2F7E007E2EA3 /* locationDataUpdated.json in Resources */ = {isa = PBXBuildFile; fileRef = F87ABBD3298F2F7E007E2EA3 /* locationDataUpdated.json */; };
		F87ABBD6298F6B48007E2EA3 /* locationDataUpdated2.json in Resources */ = {isa = PBXBuildFile; fileRef = F87ABBD5298F6B48007E2EA3 /* locationDataUpdated2.json */; };
		F87ABBD8298F6E5A007E2EA3 /* locationDataUpdated3.json in Resources */ = {isa = PBXBuildFile; fileRef = F87ABBD7298F6E5A007E2EA3 /* locationDataUpdated3.json */; };
		F87ABBDA29932449007E2EA3 /* Settings.swift in Sources */ = {isa = PBXBuildFile; fileRef = F87ABBD929932449007E2EA3 /* Settings.swift */; };
		F87ABBDC29932462007E2EA3 /* LeaderBoard.swift in Sources */ = {isa = PBXBuildFile; fileRef = F87ABBDB29932462007E2EA3 /* LeaderBoard.swift */; };
		F87ABBDE29932D3F007E2EA3 /* LogIn.swift in Sources */ = {isa = PBXBuildFile; fileRef = F87ABBDD29932D3F007E2EA3 /* LogIn.swift */; };
		F8947BD5299B10280030BFCA /* FirebaseAnalytics in Frameworks */ = {isa = PBXBuildFile; productRef = F8947BD4299B10280030BFCA /* FirebaseAnalytics */; };
		F8947BD7299B10280030BFCA /* FirebaseAnalyticsSwift in Frameworks */ = {isa = PBXBuildFile; productRef = F8947BD6299B10280030BFCA /* FirebaseAnalyticsSwift */; };
		F8947BD9299B13A40030BFCA /* LeaderboardInfo.swift in Sources */ = {isa = PBXBuildFile; fileRef = F8947BD8299B13A40030BFCA /* LeaderboardInfo.swift */; };
		F8996FCB29A46C5E0039C685 /* DevTestHapticFeedback.swift in Sources */ = {isa = PBXBuildFile; fileRef = F8996FCA29A46C5E0039C685 /* DevTestHapticFeedback.swift */; };
		F8996FCF29A598170039C685 /* action-sound-effect.mp3 in Resources */ = {isa = PBXBuildFile; fileRef = F8996FCE29A598170039C685 /* action-sound-effect.mp3 */; };
		F8996FD129A59B940039C685 /* Ding-sound-effect.mp3 in Resources */ = {isa = PBXBuildFile; fileRef = F8996FD029A59B940039C685 /* Ding-sound-effect.mp3 */; };
		F8996FD329A59BA50039C685 /* button-click-sound-effect.mp3 in Resources */ = {isa = PBXBuildFile; fileRef = F8996FD229A59BA50039C685 /* button-click-sound-effect.mp3 */; };
		F8996FD729A5B0440039C685 /* TimerView.swift in Sources */ = {isa = PBXBuildFile; fileRef = F8996FD629A5B0440039C685 /* TimerView.swift */; };
		F8996FDA29AA97C20039C685 /* Changa-Light.ttf in Resources */ = {isa = PBXBuildFile; fileRef = F8996FD929AA97C20039C685 /* Changa-Light.ttf */; };
		F8996FDC29AA97D50039C685 /* BebasNeue-Regular.ttf in Resources */ = {isa = PBXBuildFile; fileRef = F8996FDB29AA97D50039C685 /* BebasNeue-Regular.ttf */; };
		F8996FE029AC0DDE0039C685 /* FirebaseFirestore in Frameworks */ = {isa = PBXBuildFile; productRef = F8996FDF29AC0DDE0039C685 /* FirebaseFirestore */; };
		F8996FE229AC0E090039C685 /* FirebaseAuth in Frameworks */ = {isa = PBXBuildFile; productRef = F8996FE129AC0E090039C685 /* FirebaseAuth */; };
		F8996FE429AC0E3B0039C685 /* FirebaseFirestore in Frameworks */ = {isa = PBXBuildFile; productRef = F8996FE329AC0E3B0039C685 /* FirebaseFirestore */; };
		F8996FE629AC0E4A0039C685 /* FirebaseFirestore in Frameworks */ = {isa = PBXBuildFile; productRef = F8996FE529AC0E4A0039C685 /* FirebaseFirestore */; };
		F8996FE829AD7B840039C685 /* FirebaseFirestoreSwift in Frameworks */ = {isa = PBXBuildFile; productRef = F8996FE729AD7B840039C685 /* FirebaseFirestoreSwift */; };
		F8996FEA29B2BB060039C685 /* UserData.swift in Sources */ = {isa = PBXBuildFile; fileRef = F8996FE929B2BB060039C685 /* UserData.swift */; };
		F8996FEE29B3E8B80039C685 /* SecureInputView.swift in Sources */ = {isa = PBXBuildFile; fileRef = F8996FED29B3E8B80039C685 /* SecureInputView.swift */; };
		F8996FF229B52D1F0039C685 /* LBData.swift in Sources */ = {isa = PBXBuildFile; fileRef = F8996FF129B52D1F0039C685 /* LBData.swift */; };
		F8996FF429B6C9100039C685 /* UserHistoryVM.swift in Sources */ = {isa = PBXBuildFile; fileRef = F8996FF329B6C9100039C685 /* UserHistoryVM.swift */; };
		F8996FF829B6CEFC0039C685 /* UserHistoryNew.swift in Sources */ = {isa = PBXBuildFile; fileRef = F8996FF729B6CEFC0039C685 /* UserHistoryNew.swift */; };
		F8996FFA29B6D0660039C685 /* UserHistoryCard.swift in Sources */ = {isa = PBXBuildFile; fileRef = F8996FF929B6D0660039C685 /* UserHistoryCard.swift */; };
		F8996FFC29B80B1D0039C685 /* LeaderboardTab.swift in Sources */ = {isa = PBXBuildFile; fileRef = F8996FFB29B80B1D0039C685 /* LeaderboardTab.swift */; };
		F8996FFE29B821710039C685 /* LBGameInfoListVM.swift in Sources */ = {isa = PBXBuildFile; fileRef = F8996FFD29B821710039C685 /* LBGameInfoListVM.swift */; };
/* End PBXBuildFile section */

/* Begin PBXContainerItemProxy section */
		F827D59F29777AF5007DE110 /* PBXContainerItemProxy */ = {
			isa = PBXContainerItemProxy;
			containerPortal = F827D58629777AF4007DE110 /* Project object */;
			proxyType = 1;
			remoteGlobalIDString = F827D58D29777AF4007DE110;
			remoteInfo = geo_gnosis_ios;
		};
		F827D5A929777AF5007DE110 /* PBXContainerItemProxy */ = {
			isa = PBXContainerItemProxy;
			containerPortal = F827D58629777AF4007DE110 /* Project object */;
			proxyType = 1;
			remoteGlobalIDString = F827D58D29777AF4007DE110;
			remoteInfo = geo_gnosis_ios;
		};
/* End PBXContainerItemProxy section */

/* Begin PBXFileReference section */
		F82315CD299708190026D036 /* LeaderboardHeader.swift */ = {isa = PBXFileReference; lastKnownFileType = sourcecode.swift; path = LeaderboardHeader.swift; sourceTree = "<group>"; };
		F82315CF29971AD90026D036 /* LBRegionModeSec.swift */ = {isa = PBXFileReference; lastKnownFileType = sourcecode.swift; path = LBRegionModeSec.swift; sourceTree = "<group>"; };
		F82315D129971CDD0026D036 /* LBGameInfoList.swift */ = {isa = PBXFileReference; lastKnownFileType = sourcecode.swift; path = LBGameInfoList.swift; sourceTree = "<group>"; };
		F82315D52997214A0026D036 /* LBGameInfoCard.swift */ = {isa = PBXFileReference; lastKnownFileType = sourcecode.swift; path = LBGameInfoCard.swift; sourceTree = "<group>"; };
		F82315D7299721690026D036 /* LBGameDetail.swift */ = {isa = PBXFileReference; lastKnownFileType = sourcecode.swift; path = LBGameDetail.swift; sourceTree = "<group>"; };
		F82315DF2997E6310026D036 /* CustomColor.swift */ = {isa = PBXFileReference; lastKnownFileType = sourcecode.swift; path = CustomColor.swift; sourceTree = "<group>"; };
		F82315E12999CC170026D036 /* GoogleService-Info.plist */ = {isa = PBXFileReference; fileEncoding = 4; lastKnownFileType = text.plist.xml; path = "GoogleService-Info.plist"; sourceTree = "<group>"; };
		F827D58E29777AF4007DE110 /* geo_gnosis_ios.app */ = {isa = PBXFileReference; explicitFileType = wrapper.application; includeInIndex = 0; path = geo_gnosis_ios.app; sourceTree = BUILT_PRODUCTS_DIR; };
		F827D59129777AF4007DE110 /* geo_gnosis_iosApp.swift */ = {isa = PBXFileReference; lastKnownFileType = sourcecode.swift; path = geo_gnosis_iosApp.swift; sourceTree = "<group>"; };
		F827D59329777AF4007DE110 /* ContentView.swift */ = {isa = PBXFileReference; lastKnownFileType = sourcecode.swift; path = ContentView.swift; sourceTree = "<group>"; };
		F827D59529777AF5007DE110 /* Assets.xcassets */ = {isa = PBXFileReference; lastKnownFileType = folder.assetcatalog; path = Assets.xcassets; sourceTree = "<group>"; };
		F827D59829777AF5007DE110 /* Preview Assets.xcassets */ = {isa = PBXFileReference; lastKnownFileType = folder.assetcatalog; path = "Preview Assets.xcassets"; sourceTree = "<group>"; };
		F827D59E29777AF5007DE110 /* geo_gnosis_iosTests.xctest */ = {isa = PBXFileReference; explicitFileType = wrapper.cfbundle; includeInIndex = 0; path = geo_gnosis_iosTests.xctest; sourceTree = BUILT_PRODUCTS_DIR; };
		F827D5A229777AF5007DE110 /* geo_gnosis_iosTests.swift */ = {isa = PBXFileReference; lastKnownFileType = sourcecode.swift; path = geo_gnosis_iosTests.swift; sourceTree = "<group>"; };
		F827D5A829777AF5007DE110 /* geo_gnosis_iosUITests.xctest */ = {isa = PBXFileReference; explicitFileType = wrapper.cfbundle; includeInIndex = 0; path = geo_gnosis_iosUITests.xctest; sourceTree = BUILT_PRODUCTS_DIR; };
		F827D5AC29777AF5007DE110 /* geo_gnosis_iosUITests.swift */ = {isa = PBXFileReference; lastKnownFileType = sourcecode.swift; path = geo_gnosis_iosUITests.swift; sourceTree = "<group>"; };
		F827D5AE29777AF5007DE110 /* geo_gnosis_iosUITestsLaunchTests.swift */ = {isa = PBXFileReference; lastKnownFileType = sourcecode.swift; path = geo_gnosis_iosUITestsLaunchTests.swift; sourceTree = "<group>"; };
		F83C878A297DB970008FA89D /* Start.swift */ = {isa = PBXFileReference; lastKnownFileType = sourcecode.swift; path = Start.swift; sourceTree = "<group>"; };
		F83C878C297DC10F008FA89D /* GameMap.swift */ = {isa = PBXFileReference; lastKnownFileType = sourcecode.swift; path = GameMap.swift; sourceTree = "<group>"; };
		F83C878E297DCACB008FA89D /* MapView.swift */ = {isa = PBXFileReference; fileEncoding = 4; lastKnownFileType = sourcecode.swift; path = MapView.swift; sourceTree = "<group>"; };
		F83C879D297DF75B008FA89D /* locationData.json */ = {isa = PBXFileReference; fileEncoding = 4; lastKnownFileType = text.json; path = locationData.json; sourceTree = "<group>"; };
		F83C87A3297E030F008FA89D /* sampleLocationData.json */ = {isa = PBXFileReference; fileEncoding = 4; lastKnownFileType = text.json; path = sampleLocationData.json; sourceTree = "<group>"; };
		F83C87A9297F5500008FA89D /* EndGame.swift */ = {isa = PBXFileReference; lastKnownFileType = sourcecode.swift; path = EndGame.swift; sourceTree = "<group>"; };
		F87ABBAF29820DD6007E2EA3 /* Coordinator.swift */ = {isa = PBXFileReference; lastKnownFileType = sourcecode.swift; path = Coordinator.swift; sourceTree = "<group>"; };
		F87ABBB129820E10007E2EA3 /* RootView.swift */ = {isa = PBXFileReference; lastKnownFileType = sourcecode.swift; path = RootView.swift; sourceTree = "<group>"; };
		F87ABBB329836663007E2EA3 /* Location.swift */ = {isa = PBXFileReference; fileEncoding = 4; lastKnownFileType = sourcecode.swift; path = Location.swift; sourceTree = "<group>"; };
		F87ABBB52983671C007E2EA3 /* LocationData.swift */ = {isa = PBXFileReference; lastKnownFileType = sourcecode.swift; path = LocationData.swift; sourceTree = "<group>"; };
		F87ABBB929837475007E2EA3 /* sampleLocationData2.json */ = {isa = PBXFileReference; fileEncoding = 4; lastKnownFileType = text.json; path = sampleLocationData2.json; sourceTree = "<group>"; };
		F87ABBBD2986050B007E2EA3 /* RoundInfo.swift */ = {isa = PBXFileReference; lastKnownFileType = sourcecode.swift; path = RoundInfo.swift; sourceTree = "<group>"; };
		F87ABBBF29862FBF007E2EA3 /* EndGameCard.swift */ = {isa = PBXFileReference; lastKnownFileType = sourcecode.swift; path = EndGameCard.swift; sourceTree = "<group>"; };
		F87ABBC5298702F8007E2EA3 /* MapView2.swift */ = {isa = PBXFileReference; lastKnownFileType = sourcecode.swift; path = MapView2.swift; sourceTree = "<group>"; };
		F87ABBC729870A4A007E2EA3 /* PinLocation.swift */ = {isa = PBXFileReference; lastKnownFileType = sourcecode.swift; path = PinLocation.swift; sourceTree = "<group>"; };
		F87ABBCB2989F79B007E2EA3 /* GameInfo.swift */ = {isa = PBXFileReference; lastKnownFileType = sourcecode.swift; path = GameInfo.swift; sourceTree = "<group>"; };
		F87ABBCF298C783A007E2EA3 /* RoundData.swift */ = {isa = PBXFileReference; lastKnownFileType = sourcecode.swift; path = RoundData.swift; sourceTree = "<group>"; };
		F87ABBD1298E9AAE007E2EA3 /* DropDown.swift */ = {isa = PBXFileReference; lastKnownFileType = sourcecode.swift; path = DropDown.swift; sourceTree = "<group>"; };
		F87ABBD3298F2F7E007E2EA3 /* locationDataUpdated.json */ = {isa = PBXFileReference; fileEncoding = 4; lastKnownFileType = text.json; path = locationDataUpdated.json; sourceTree = "<group>"; };
		F87ABBD5298F6B48007E2EA3 /* locationDataUpdated2.json */ = {isa = PBXFileReference; fileEncoding = 4; lastKnownFileType = text.json; path = locationDataUpdated2.json; sourceTree = "<group>"; };
		F87ABBD7298F6E5A007E2EA3 /* locationDataUpdated3.json */ = {isa = PBXFileReference; fileEncoding = 4; lastKnownFileType = text.json; name = locationDataUpdated3.json; path = ../../../../../../Downloads/locationDataUpdated3.json; sourceTree = "<group>"; };
		F87ABBD929932449007E2EA3 /* Settings.swift */ = {isa = PBXFileReference; lastKnownFileType = sourcecode.swift; path = Settings.swift; sourceTree = "<group>"; };
		F87ABBDB29932462007E2EA3 /* LeaderBoard.swift */ = {isa = PBXFileReference; lastKnownFileType = sourcecode.swift; path = LeaderBoard.swift; sourceTree = "<group>"; };
		F87ABBDD29932D3F007E2EA3 /* LogIn.swift */ = {isa = PBXFileReference; lastKnownFileType = sourcecode.swift; path = LogIn.swift; sourceTree = "<group>"; };
		F8947BD8299B13A40030BFCA /* LeaderboardInfo.swift */ = {isa = PBXFileReference; lastKnownFileType = sourcecode.swift; path = LeaderboardInfo.swift; sourceTree = "<group>"; };
		F8996FCA29A46C5E0039C685 /* DevTestHapticFeedback.swift */ = {isa = PBXFileReference; lastKnownFileType = sourcecode.swift; path = DevTestHapticFeedback.swift; sourceTree = "<group>"; };
		F8996FCE29A598170039C685 /* action-sound-effect.mp3 */ = {isa = PBXFileReference; lastKnownFileType = audio.mp3; path = "action-sound-effect.mp3"; sourceTree = "<group>"; };
		F8996FD029A59B940039C685 /* Ding-sound-effect.mp3 */ = {isa = PBXFileReference; lastKnownFileType = audio.mp3; path = "Ding-sound-effect.mp3"; sourceTree = "<group>"; };
		F8996FD229A59BA50039C685 /* button-click-sound-effect.mp3 */ = {isa = PBXFileReference; lastKnownFileType = audio.mp3; path = "button-click-sound-effect.mp3"; sourceTree = "<group>"; };
		F8996FD629A5B0440039C685 /* TimerView.swift */ = {isa = PBXFileReference; lastKnownFileType = sourcecode.swift; path = TimerView.swift; sourceTree = "<group>"; };
		F8996FD929AA97C20039C685 /* Changa-Light.ttf */ = {isa = PBXFileReference; lastKnownFileType = file; path = "Changa-Light.ttf"; sourceTree = "<group>"; };
		F8996FDB29AA97D50039C685 /* BebasNeue-Regular.ttf */ = {isa = PBXFileReference; lastKnownFileType = file; path = "BebasNeue-Regular.ttf"; sourceTree = "<group>"; };
		F8996FDD29AAA9490039C685 /* geo-gnosis-ios-Info.plist */ = {isa = PBXFileReference; lastKnownFileType = text.plist; path = "geo-gnosis-ios-Info.plist"; sourceTree = SOURCE_ROOT; };
		F8996FE929B2BB060039C685 /* UserData.swift */ = {isa = PBXFileReference; lastKnownFileType = sourcecode.swift; path = UserData.swift; sourceTree = "<group>"; };
		F8996FED29B3E8B80039C685 /* SecureInputView.swift */ = {isa = PBXFileReference; lastKnownFileType = sourcecode.swift; path = SecureInputView.swift; sourceTree = "<group>"; };
		F8996FF129B52D1F0039C685 /* LBData.swift */ = {isa = PBXFileReference; lastKnownFileType = sourcecode.swift; path = LBData.swift; sourceTree = "<group>"; };
		F8996FF329B6C9100039C685 /* UserHistoryVM.swift */ = {isa = PBXFileReference; lastKnownFileType = sourcecode.swift; path = UserHistoryVM.swift; sourceTree = "<group>"; };
		F8996FF729B6CEFC0039C685 /* UserHistoryNew.swift */ = {isa = PBXFileReference; lastKnownFileType = sourcecode.swift; path = UserHistoryNew.swift; sourceTree = "<group>"; };
		F8996FF929B6D0660039C685 /* UserHistoryCard.swift */ = {isa = PBXFileReference; lastKnownFileType = sourcecode.swift; path = UserHistoryCard.swift; sourceTree = "<group>"; };
		F8996FFB29B80B1D0039C685 /* LeaderboardTab.swift */ = {isa = PBXFileReference; lastKnownFileType = sourcecode.swift; path = LeaderboardTab.swift; sourceTree = "<group>"; };
		F8996FFD29B821710039C685 /* LBGameInfoListVM.swift */ = {isa = PBXFileReference; lastKnownFileType = sourcecode.swift; path = LBGameInfoListVM.swift; sourceTree = "<group>"; };
/* End PBXFileReference section */

/* Begin PBXFrameworksBuildPhase section */
		F827D58B29777AF4007DE110 /* Frameworks */ = {
			isa = PBXFrameworksBuildPhase;
			buildActionMask = 2147483647;
			files = (
				F8996FE829AD7B840039C685 /* FirebaseFirestoreSwift in Frameworks */,
				F8947BD7299B10280030BFCA /* FirebaseAnalyticsSwift in Frameworks */,
				F8947BD5299B10280030BFCA /* FirebaseAnalytics in Frameworks */,
				F8996FE029AC0DDE0039C685 /* FirebaseFirestore in Frameworks */,
				F8996FE229AC0E090039C685 /* FirebaseAuth in Frameworks */,
			);
			runOnlyForDeploymentPostprocessing = 0;
		};
		F827D59B29777AF5007DE110 /* Frameworks */ = {
			isa = PBXFrameworksBuildPhase;
			buildActionMask = 2147483647;
			files = (
				F8996FE429AC0E3B0039C685 /* FirebaseFirestore in Frameworks */,
			);
			runOnlyForDeploymentPostprocessing = 0;
		};
		F827D5A529777AF5007DE110 /* Frameworks */ = {
			isa = PBXFrameworksBuildPhase;
			buildActionMask = 2147483647;
			files = (
				F8996FE629AC0E4A0039C685 /* FirebaseFirestore in Frameworks */,
			);
			runOnlyForDeploymentPostprocessing = 0;
		};
/* End PBXFrameworksBuildPhase section */

/* Begin PBXGroup section */
		F82315D9299723D50026D036 /* Leaderboard */ = {
			isa = PBXGroup;
			children = (
				F87ABBDB29932462007E2EA3 /* LeaderBoard.swift */,
				F8996FFB29B80B1D0039C685 /* LeaderboardTab.swift */,
				F82315CF29971AD90026D036 /* LBRegionModeSec.swift */,
				F82315D129971CDD0026D036 /* LBGameInfoList.swift */,
				F8996FFD29B821710039C685 /* LBGameInfoListVM.swift */,
				F82315D52997214A0026D036 /* LBGameInfoCard.swift */,
				F82315CD299708190026D036 /* LeaderboardHeader.swift */,
				F82315D7299721690026D036 /* LBGameDetail.swift */,
				F8996FF329B6C9100039C685 /* UserHistoryVM.swift */,
				F8996FF729B6CEFC0039C685 /* UserHistoryNew.swift */,
				F8996FF929B6D0660039C685 /* UserHistoryCard.swift */,
			);
			path = Leaderboard;
			sourceTree = "<group>";
		};
		F82315DA299723EA0026D036 /* Settings */ = {
			isa = PBXGroup;
			children = (
				F87ABBD929932449007E2EA3 /* Settings.swift */,
				F87ABBDD29932D3F007E2EA3 /* LogIn.swift */,
				F8996FED29B3E8B80039C685 /* SecureInputView.swift */,
			);
			path = Settings;
			sourceTree = "<group>";
		};
		F82315DB299724060026D036 /* RootView */ = {
			isa = PBXGroup;
			children = (
				F87ABBB129820E10007E2EA3 /* RootView.swift */,
				F87ABBD1298E9AAE007E2EA3 /* DropDown.swift */,
			);
			path = RootView;
			sourceTree = "<group>";
		};
		F82315DC2997241C0026D036 /* EndGame */ = {
			isa = PBXGroup;
			children = (
				F83C87A9297F5500008FA89D /* EndGame.swift */,
				F87ABBBF29862FBF007E2EA3 /* EndGameCard.swift */,
				F87ABBC5298702F8007E2EA3 /* MapView2.swift */,
			);
			path = EndGame;
			sourceTree = "<group>";
		};
		F82315DE299724550026D036 /* GameMap */ = {
			isa = PBXGroup;
			children = (
				F83C878C297DC10F008FA89D /* GameMap.swift */,
				F83C878E297DCACB008FA89D /* MapView.swift */,
			);
			path = GameMap;
			sourceTree = "<group>";
		};
		F827D58529777AF4007DE110 = {
			isa = PBXGroup;
			children = (
				F827D59029777AF4007DE110 /* geo_gnosis_ios */,
				F827D5A129777AF5007DE110 /* geo_gnosis_iosTests */,
				F827D5AB29777AF5007DE110 /* geo_gnosis_iosUITests */,
				F827D58F29777AF4007DE110 /* Products */,
				F8996FDE29AC0DDE0039C685 /* Frameworks */,
			);
			sourceTree = "<group>";
		};
		F827D58F29777AF4007DE110 /* Products */ = {
			isa = PBXGroup;
			children = (
				F827D58E29777AF4007DE110 /* geo_gnosis_ios.app */,
				F827D59E29777AF5007DE110 /* geo_gnosis_iosTests.xctest */,
				F827D5A829777AF5007DE110 /* geo_gnosis_iosUITests.xctest */,
			);
			name = Products;
			sourceTree = "<group>";
		};
		F827D59029777AF4007DE110 /* geo_gnosis_ios */ = {
			isa = PBXGroup;
			children = (
				F8996FDD29AAA9490039C685 /* geo-gnosis-ios-Info.plist */,
				F827D59129777AF4007DE110 /* geo_gnosis_iosApp.swift */,
				F827D59329777AF4007DE110 /* ContentView.swift */,
				F83C8796297DEF0D008FA89D /* Model */,
				F83C8795297DEF03008FA89D /* Views */,
				F83C879C297DF747008FA89D /* Resources */,
				F827D59529777AF5007DE110 /* Assets.xcassets */,
				F82315E12999CC170026D036 /* GoogleService-Info.plist */,
				F827D59729777AF5007DE110 /* Preview Content */,
				F87ABBAF29820DD6007E2EA3 /* Coordinator.swift */,
			);
			path = geo_gnosis_ios;
			sourceTree = "<group>";
		};
		F827D59729777AF5007DE110 /* Preview Content */ = {
			isa = PBXGroup;
			children = (
				F827D59829777AF5007DE110 /* Preview Assets.xcassets */,
			);
			path = "Preview Content";
			sourceTree = "<group>";
		};
		F827D5A129777AF5007DE110 /* geo_gnosis_iosTests */ = {
			isa = PBXGroup;
			children = (
				F827D5A229777AF5007DE110 /* geo_gnosis_iosTests.swift */,
			);
			path = geo_gnosis_iosTests;
			sourceTree = "<group>";
		};
		F827D5AB29777AF5007DE110 /* geo_gnosis_iosUITests */ = {
			isa = PBXGroup;
			children = (
				F827D5AC29777AF5007DE110 /* geo_gnosis_iosUITests.swift */,
				F827D5AE29777AF5007DE110 /* geo_gnosis_iosUITestsLaunchTests.swift */,
			);
			path = geo_gnosis_iosUITests;
			sourceTree = "<group>";
		};
		F83C8795297DEF03008FA89D /* Views */ = {
			isa = PBXGroup;
			children = (
				F83C878A297DB970008FA89D /* Start.swift */,
				F82315DE299724550026D036 /* GameMap */,
				F82315DC2997241C0026D036 /* EndGame */,
				F82315DB299724060026D036 /* RootView */,
				F82315DA299723EA0026D036 /* Settings */,
				F82315D9299723D50026D036 /* Leaderboard */,
				F8996FCA29A46C5E0039C685 /* DevTestHapticFeedback.swift */,
				F8996FD629A5B0440039C685 /* TimerView.swift */,
			);
			path = Views;
			sourceTree = "<group>";
		};
		F83C8796297DEF0D008FA89D /* Model */ = {
			isa = PBXGroup;
			children = (
				F87ABBB52983671C007E2EA3 /* LocationData.swift */,
				F8996FF129B52D1F0039C685 /* LBData.swift */,
				F87ABBCF298C783A007E2EA3 /* RoundData.swift */,
				F87ABBB329836663007E2EA3 /* Location.swift */,
				F87ABBBD2986050B007E2EA3 /* RoundInfo.swift */,
				F87ABBCB2989F79B007E2EA3 /* GameInfo.swift */,
				F87ABBC729870A4A007E2EA3 /* PinLocation.swift */,
				F82315DF2997E6310026D036 /* CustomColor.swift */,
				F8947BD8299B13A40030BFCA /* LeaderboardInfo.swift */,
				F8996FE929B2BB060039C685 /* UserData.swift */,
			);
			path = Model;
			sourceTree = "<group>";
		};
		F83C879C297DF747008FA89D /* Resources */ = {
			isa = PBXGroup;
			children = (
				F87ABBD7298F6E5A007E2EA3 /* locationDataUpdated3.json */,
				F87ABBD5298F6B48007E2EA3 /* locationDataUpdated2.json */,
				F87ABBD3298F2F7E007E2EA3 /* locationDataUpdated.json */,
				F83C87A3297E030F008FA89D /* sampleLocationData.json */,
				F87ABBB929837475007E2EA3 /* sampleLocationData2.json */,
				F83C879D297DF75B008FA89D /* locationData.json */,
				F8996FD829AA973C0039C685 /* Fonts */,
				F8996FD529A59BC60039C685 /* Audio */,
			);
			path = Resources;
			sourceTree = "<group>";
		};
		F8996FD529A59BC60039C685 /* Audio */ = {
			isa = PBXGroup;
			children = (
				F8996FCE29A598170039C685 /* action-sound-effect.mp3 */,
				F8996FD029A59B940039C685 /* Ding-sound-effect.mp3 */,
				F8996FD229A59BA50039C685 /* button-click-sound-effect.mp3 */,
			);
			path = Audio;
			sourceTree = "<group>";
		};
		F8996FD829AA973C0039C685 /* Fonts */ = {
			isa = PBXGroup;
			children = (
				F8996FD929AA97C20039C685 /* Changa-Light.ttf */,
				F8996FDB29AA97D50039C685 /* BebasNeue-Regular.ttf */,
			);
			path = Fonts;
			sourceTree = "<group>";
		};
		F8996FDE29AC0DDE0039C685 /* Frameworks */ = {
			isa = PBXGroup;
			children = (
			);
			name = Frameworks;
			sourceTree = "<group>";
		};
/* End PBXGroup section */

/* Begin PBXNativeTarget section */
		F827D58D29777AF4007DE110 /* geo_gnosis_ios */ = {
			isa = PBXNativeTarget;
			buildConfigurationList = F827D5B229777AF5007DE110 /* Build configuration list for PBXNativeTarget "geo_gnosis_ios" */;
			buildPhases = (
				F827D58A29777AF4007DE110 /* Sources */,
				F827D58B29777AF4007DE110 /* Frameworks */,
				F827D58C29777AF4007DE110 /* Resources */,
			);
			buildRules = (
			);
			dependencies = (
			);
			name = geo_gnosis_ios;
			packageProductDependencies = (
				F8947BD4299B10280030BFCA /* FirebaseAnalytics */,
				F8947BD6299B10280030BFCA /* FirebaseAnalyticsSwift */,
				F8996FDF29AC0DDE0039C685 /* FirebaseFirestore */,
				F8996FE129AC0E090039C685 /* FirebaseAuth */,
				F8996FE729AD7B840039C685 /* FirebaseFirestoreSwift */,
			);
			productName = geo_gnosis_ios;
			productReference = F827D58E29777AF4007DE110 /* geo_gnosis_ios.app */;
			productType = "com.apple.product-type.application";
		};
		F827D59D29777AF5007DE110 /* geo_gnosis_iosTests */ = {
			isa = PBXNativeTarget;
			buildConfigurationList = F827D5B529777AF5007DE110 /* Build configuration list for PBXNativeTarget "geo_gnosis_iosTests" */;
			buildPhases = (
				F827D59A29777AF5007DE110 /* Sources */,
				F827D59B29777AF5007DE110 /* Frameworks */,
				F827D59C29777AF5007DE110 /* Resources */,
			);
			buildRules = (
			);
			dependencies = (
				F827D5A029777AF5007DE110 /* PBXTargetDependency */,
			);
			name = geo_gnosis_iosTests;
			packageProductDependencies = (
				F8996FE329AC0E3B0039C685 /* FirebaseFirestore */,
			);
			productName = geo_gnosis_iosTests;
			productReference = F827D59E29777AF5007DE110 /* geo_gnosis_iosTests.xctest */;
			productType = "com.apple.product-type.bundle.unit-test";
		};
		F827D5A729777AF5007DE110 /* geo_gnosis_iosUITests */ = {
			isa = PBXNativeTarget;
			buildConfigurationList = F827D5B829777AF5007DE110 /* Build configuration list for PBXNativeTarget "geo_gnosis_iosUITests" */;
			buildPhases = (
				F827D5A429777AF5007DE110 /* Sources */,
				F827D5A529777AF5007DE110 /* Frameworks */,
				F827D5A629777AF5007DE110 /* Resources */,
			);
			buildRules = (
			);
			dependencies = (
				F827D5AA29777AF5007DE110 /* PBXTargetDependency */,
			);
			name = geo_gnosis_iosUITests;
			packageProductDependencies = (
				F8996FE529AC0E4A0039C685 /* FirebaseFirestore */,
			);
			productName = geo_gnosis_iosUITests;
			productReference = F827D5A829777AF5007DE110 /* geo_gnosis_iosUITests.xctest */;
			productType = "com.apple.product-type.bundle.ui-testing";
		};
/* End PBXNativeTarget section */

/* Begin PBXProject section */
		F827D58629777AF4007DE110 /* Project object */ = {
			isa = PBXProject;
			attributes = {
				BuildIndependentTargetsInParallel = 1;
				LastSwiftUpdateCheck = 1420;
				LastUpgradeCheck = 1420;
				TargetAttributes = {
					F827D58D29777AF4007DE110 = {
						CreatedOnToolsVersion = 14.2;
					};
					F827D59D29777AF5007DE110 = {
						CreatedOnToolsVersion = 14.2;
						TestTargetID = F827D58D29777AF4007DE110;
					};
					F827D5A729777AF5007DE110 = {
						CreatedOnToolsVersion = 14.2;
						TestTargetID = F827D58D29777AF4007DE110;
					};
				};
			};
			buildConfigurationList = F827D58929777AF4007DE110 /* Build configuration list for PBXProject "geo_gnosis_ios" */;
			compatibilityVersion = "Xcode 14.0";
			developmentRegion = en;
			hasScannedForEncodings = 0;
			knownRegions = (
				en,
				Base,
			);
			mainGroup = F827D58529777AF4007DE110;
			packageReferences = (
				F8947BD3299B10280030BFCA /* XCRemoteSwiftPackageReference "firebase-ios-sdk" */,
			);
			productRefGroup = F827D58F29777AF4007DE110 /* Products */;
			projectDirPath = "";
			projectRoot = "";
			targets = (
				F827D58D29777AF4007DE110 /* geo_gnosis_ios */,
				F827D59D29777AF5007DE110 /* geo_gnosis_iosTests */,
				F827D5A729777AF5007DE110 /* geo_gnosis_iosUITests */,
			);
		};
/* End PBXProject section */

/* Begin PBXResourcesBuildPhase section */
		F827D58C29777AF4007DE110 /* Resources */ = {
			isa = PBXResourcesBuildPhase;
			buildActionMask = 2147483647;
			files = (
				F87ABBD6298F6B48007E2EA3 /* locationDataUpdated2.json in Resources */,
				F8996FCF29A598170039C685 /* action-sound-effect.mp3 in Resources */,
				F8996FDC29AA97D50039C685 /* BebasNeue-Regular.ttf in Resources */,
				F8996FD329A59BA50039C685 /* button-click-sound-effect.mp3 in Resources */,
				F83C87A4297E030F008FA89D /* sampleLocationData.json in Resources */,
				F82315E22999CC170026D036 /* GoogleService-Info.plist in Resources */,
				F87ABBD8298F6E5A007E2EA3 /* locationDataUpdated3.json in Resources */,
				F8996FDA29AA97C20039C685 /* Changa-Light.ttf in Resources */,
				F87ABBBA29837475007E2EA3 /* sampleLocationData2.json in Resources */,
				F827D59929777AF5007DE110 /* Preview Assets.xcassets in Resources */,
				F8996FD129A59B940039C685 /* Ding-sound-effect.mp3 in Resources */,
				F827D59629777AF5007DE110 /* Assets.xcassets in Resources */,
				F87ABBD4298F2F7E007E2EA3 /* locationDataUpdated.json in Resources */,
				F83C879E297DF75B008FA89D /* locationData.json in Resources */,
			);
			runOnlyForDeploymentPostprocessing = 0;
		};
		F827D59C29777AF5007DE110 /* Resources */ = {
			isa = PBXResourcesBuildPhase;
			buildActionMask = 2147483647;
			files = (
			);
			runOnlyForDeploymentPostprocessing = 0;
		};
		F827D5A629777AF5007DE110 /* Resources */ = {
			isa = PBXResourcesBuildPhase;
			buildActionMask = 2147483647;
			files = (
			);
			runOnlyForDeploymentPostprocessing = 0;
		};
/* End PBXResourcesBuildPhase section */

/* Begin PBXSourcesBuildPhase section */
		F827D58A29777AF4007DE110 /* Sources */ = {
			isa = PBXSourcesBuildPhase;
			buildActionMask = 2147483647;
			files = (
				F827D59429777AF4007DE110 /* ContentView.swift in Sources */,
				F87ABBC029862FBF007E2EA3 /* EndGameCard.swift in Sources */,
				F8996FEE29B3E8B80039C685 /* SecureInputView.swift in Sources */,
				F83C87AA297F5500008FA89D /* EndGame.swift in Sources */,
				F8996FCB29A46C5E0039C685 /* DevTestHapticFeedback.swift in Sources */,
				F87ABBC6298702F8007E2EA3 /* MapView2.swift in Sources */,
				F87ABBCC2989F79B007E2EA3 /* GameInfo.swift in Sources */,
				F87ABBDC29932462007E2EA3 /* LeaderBoard.swift in Sources */,
				F82315D8299721690026D036 /* LBGameDetail.swift in Sources */,
				F827D59229777AF4007DE110 /* geo_gnosis_iosApp.swift in Sources */,
				F87ABBB62983671C007E2EA3 /* LocationData.swift in Sources */,
				F8996FFE29B821710039C685 /* LBGameInfoListVM.swift in Sources */,
				F8996FFC29B80B1D0039C685 /* LeaderboardTab.swift in Sources */,
				F8996FF429B6C9100039C685 /* UserHistoryVM.swift in Sources */,
				F8996FF829B6CEFC0039C685 /* UserHistoryNew.swift in Sources */,
				F83C878F297DCACB008FA89D /* MapView.swift in Sources */,
				F87ABBD2298E9AAE007E2EA3 /* DropDown.swift in Sources */,
				F87ABBDE29932D3F007E2EA3 /* LogIn.swift in Sources */,
				F82315D62997214A0026D036 /* LBGameInfoCard.swift in Sources */,
				F87ABBB029820DD6007E2EA3 /* Coordinator.swift in Sources */,
				F8996FFA29B6D0660039C685 /* UserHistoryCard.swift in Sources */,
				F82315D029971AD90026D036 /* LBRegionModeSec.swift in Sources */,
				F82315E02997E6310026D036 /* CustomColor.swift in Sources */,
				F8996FF229B52D1F0039C685 /* LBData.swift in Sources */,
				F87ABBB429836663007E2EA3 /* Location.swift in Sources */,
				F8996FEA29B2BB060039C685 /* UserData.swift in Sources */,
				F82315D229971CDD0026D036 /* LBGameInfoList.swift in Sources */,
				F87ABBBE2986050B007E2EA3 /* RoundInfo.swift in Sources */,
				F87ABBC829870A4A007E2EA3 /* PinLocation.swift in Sources */,
				F8947BD9299B13A40030BFCA /* LeaderboardInfo.swift in Sources */,
				F82315CE299708190026D036 /* LeaderboardHeader.swift in Sources */,
				F87ABBD0298C783A007E2EA3 /* RoundData.swift in Sources */,
				F8996FD729A5B0440039C685 /* TimerView.swift in Sources */,
				F83C878D297DC10F008FA89D /* GameMap.swift in Sources */,
				F83C878B297DB970008FA89D /* Start.swift in Sources */,
				F87ABBB229820E10007E2EA3 /* RootView.swift in Sources */,
				F87ABBDA29932449007E2EA3 /* Settings.swift in Sources */,
			);
			runOnlyForDeploymentPostprocessing = 0;
		};
		F827D59A29777AF5007DE110 /* Sources */ = {
			isa = PBXSourcesBuildPhase;
			buildActionMask = 2147483647;
			files = (
				F827D5A329777AF5007DE110 /* geo_gnosis_iosTests.swift in Sources */,
			);
			runOnlyForDeploymentPostprocessing = 0;
		};
		F827D5A429777AF5007DE110 /* Sources */ = {
			isa = PBXSourcesBuildPhase;
			buildActionMask = 2147483647;
			files = (
				F827D5AD29777AF5007DE110 /* geo_gnosis_iosUITests.swift in Sources */,
				F827D5AF29777AF5007DE110 /* geo_gnosis_iosUITestsLaunchTests.swift in Sources */,
			);
			runOnlyForDeploymentPostprocessing = 0;
		};
/* End PBXSourcesBuildPhase section */

/* Begin PBXTargetDependency section */
		F827D5A029777AF5007DE110 /* PBXTargetDependency */ = {
			isa = PBXTargetDependency;
			target = F827D58D29777AF4007DE110 /* geo_gnosis_ios */;
			targetProxy = F827D59F29777AF5007DE110 /* PBXContainerItemProxy */;
		};
		F827D5AA29777AF5007DE110 /* PBXTargetDependency */ = {
			isa = PBXTargetDependency;
			target = F827D58D29777AF4007DE110 /* geo_gnosis_ios */;
			targetProxy = F827D5A929777AF5007DE110 /* PBXContainerItemProxy */;
		};
/* End PBXTargetDependency section */

/* Begin XCBuildConfiguration section */
		F827D5B029777AF5007DE110 /* Debug */ = {
			isa = XCBuildConfiguration;
			buildSettings = {
				ALWAYS_SEARCH_USER_PATHS = NO;
				CLANG_ANALYZER_NONNULL = YES;
				CLANG_ANALYZER_NUMBER_OBJECT_CONVERSION = YES_AGGRESSIVE;
				CLANG_CXX_LANGUAGE_STANDARD = "gnu++20";
				CLANG_ENABLE_MODULES = YES;
				CLANG_ENABLE_OBJC_ARC = YES;
				CLANG_ENABLE_OBJC_WEAK = YES;
				CLANG_WARN_BLOCK_CAPTURE_AUTORELEASING = YES;
				CLANG_WARN_BOOL_CONVERSION = YES;
				CLANG_WARN_COMMA = YES;
				CLANG_WARN_CONSTANT_CONVERSION = YES;
				CLANG_WARN_DEPRECATED_OBJC_IMPLEMENTATIONS = YES;
				CLANG_WARN_DIRECT_OBJC_ISA_USAGE = YES_ERROR;
				CLANG_WARN_DOCUMENTATION_COMMENTS = YES;
				CLANG_WARN_EMPTY_BODY = YES;
				CLANG_WARN_ENUM_CONVERSION = YES;
				CLANG_WARN_INFINITE_RECURSION = YES;
				CLANG_WARN_INT_CONVERSION = YES;
				CLANG_WARN_NON_LITERAL_NULL_CONVERSION = YES;
				CLANG_WARN_OBJC_IMPLICIT_RETAIN_SELF = YES;
				CLANG_WARN_OBJC_LITERAL_CONVERSION = YES;
				CLANG_WARN_OBJC_ROOT_CLASS = YES_ERROR;
				CLANG_WARN_QUOTED_INCLUDE_IN_FRAMEWORK_HEADER = YES;
				CLANG_WARN_RANGE_LOOP_ANALYSIS = YES;
				CLANG_WARN_STRICT_PROTOTYPES = YES;
				CLANG_WARN_SUSPICIOUS_MOVE = YES;
				CLANG_WARN_UNGUARDED_AVAILABILITY = YES_AGGRESSIVE;
				CLANG_WARN_UNREACHABLE_CODE = YES;
				CLANG_WARN__DUPLICATE_METHOD_MATCH = YES;
				COPY_PHASE_STRIP = NO;
				DEBUG_INFORMATION_FORMAT = dwarf;
				ENABLE_STRICT_OBJC_MSGSEND = YES;
				ENABLE_TESTABILITY = YES;
				GCC_C_LANGUAGE_STANDARD = gnu11;
				GCC_DYNAMIC_NO_PIC = NO;
				GCC_NO_COMMON_BLOCKS = YES;
				GCC_OPTIMIZATION_LEVEL = 0;
				GCC_PREPROCESSOR_DEFINITIONS = (
					"DEBUG=1",
					"$(inherited)",
				);
				GCC_WARN_64_TO_32_BIT_CONVERSION = YES;
				GCC_WARN_ABOUT_RETURN_TYPE = YES_ERROR;
				GCC_WARN_UNDECLARED_SELECTOR = YES;
				GCC_WARN_UNINITIALIZED_AUTOS = YES_AGGRESSIVE;
				GCC_WARN_UNUSED_FUNCTION = YES;
				GCC_WARN_UNUSED_VARIABLE = YES;
				IPHONEOS_DEPLOYMENT_TARGET = 16.2;
				MTL_ENABLE_DEBUG_INFO = INCLUDE_SOURCE;
				MTL_FAST_MATH = YES;
				ONLY_ACTIVE_ARCH = YES;
				OTHER_LDFLAGS = "-ObjC";
				SDKROOT = iphoneos;
				SWIFT_ACTIVE_COMPILATION_CONDITIONS = DEBUG;
				SWIFT_OPTIMIZATION_LEVEL = "-Onone";
			};
			name = Debug;
		};
		F827D5B129777AF5007DE110 /* Release */ = {
			isa = XCBuildConfiguration;
			buildSettings = {
				ALWAYS_SEARCH_USER_PATHS = NO;
				CLANG_ANALYZER_NONNULL = YES;
				CLANG_ANALYZER_NUMBER_OBJECT_CONVERSION = YES_AGGRESSIVE;
				CLANG_CXX_LANGUAGE_STANDARD = "gnu++20";
				CLANG_ENABLE_MODULES = YES;
				CLANG_ENABLE_OBJC_ARC = YES;
				CLANG_ENABLE_OBJC_WEAK = YES;
				CLANG_WARN_BLOCK_CAPTURE_AUTORELEASING = YES;
				CLANG_WARN_BOOL_CONVERSION = YES;
				CLANG_WARN_COMMA = YES;
				CLANG_WARN_CONSTANT_CONVERSION = YES;
				CLANG_WARN_DEPRECATED_OBJC_IMPLEMENTATIONS = YES;
				CLANG_WARN_DIRECT_OBJC_ISA_USAGE = YES_ERROR;
				CLANG_WARN_DOCUMENTATION_COMMENTS = YES;
				CLANG_WARN_EMPTY_BODY = YES;
				CLANG_WARN_ENUM_CONVERSION = YES;
				CLANG_WARN_INFINITE_RECURSION = YES;
				CLANG_WARN_INT_CONVERSION = YES;
				CLANG_WARN_NON_LITERAL_NULL_CONVERSION = YES;
				CLANG_WARN_OBJC_IMPLICIT_RETAIN_SELF = YES;
				CLANG_WARN_OBJC_LITERAL_CONVERSION = YES;
				CLANG_WARN_OBJC_ROOT_CLASS = YES_ERROR;
				CLANG_WARN_QUOTED_INCLUDE_IN_FRAMEWORK_HEADER = YES;
				CLANG_WARN_RANGE_LOOP_ANALYSIS = YES;
				CLANG_WARN_STRICT_PROTOTYPES = YES;
				CLANG_WARN_SUSPICIOUS_MOVE = YES;
				CLANG_WARN_UNGUARDED_AVAILABILITY = YES_AGGRESSIVE;
				CLANG_WARN_UNREACHABLE_CODE = YES;
				CLANG_WARN__DUPLICATE_METHOD_MATCH = YES;
				COPY_PHASE_STRIP = NO;
				DEBUG_INFORMATION_FORMAT = "dwarf-with-dsym";
				ENABLE_NS_ASSERTIONS = NO;
				ENABLE_STRICT_OBJC_MSGSEND = YES;
				GCC_C_LANGUAGE_STANDARD = gnu11;
				GCC_NO_COMMON_BLOCKS = YES;
				GCC_WARN_64_TO_32_BIT_CONVERSION = YES;
				GCC_WARN_ABOUT_RETURN_TYPE = YES_ERROR;
				GCC_WARN_UNDECLARED_SELECTOR = YES;
				GCC_WARN_UNINITIALIZED_AUTOS = YES_AGGRESSIVE;
				GCC_WARN_UNUSED_FUNCTION = YES;
				GCC_WARN_UNUSED_VARIABLE = YES;
				IPHONEOS_DEPLOYMENT_TARGET = 16.2;
				MTL_ENABLE_DEBUG_INFO = NO;
				MTL_FAST_MATH = YES;
				OTHER_LDFLAGS = "-ObjC";
				SDKROOT = iphoneos;
				SWIFT_COMPILATION_MODE = wholemodule;
				SWIFT_OPTIMIZATION_LEVEL = "-O";
				VALIDATE_PRODUCT = YES;
			};
			name = Release;
		};
		F827D5B329777AF5007DE110 /* Debug */ = {
			isa = XCBuildConfiguration;
			buildSettings = {
				ASSETCATALOG_COMPILER_APPICON_NAME = AppIcon;
				ASSETCATALOG_COMPILER_GLOBAL_ACCENT_COLOR_NAME = AccentColor;
				CODE_SIGN_STYLE = Automatic;
				CURRENT_PROJECT_VERSION = 1;
				DEVELOPMENT_ASSET_PATHS = "\"geo_gnosis_ios/Preview Content\"";
				DEVELOPMENT_TEAM = W86B92N72B;
				ENABLE_PREVIEWS = YES;
				GENERATE_INFOPLIST_FILE = YES;
				INFOPLIST_FILE = "geo-gnosis-ios-Info.plist";
				INFOPLIST_KEY_UIApplicationSceneManifest_Generation = YES;
				INFOPLIST_KEY_UIApplicationSupportsIndirectInputEvents = YES;
				INFOPLIST_KEY_UILaunchScreen_Generation = YES;
				INFOPLIST_KEY_UISupportedInterfaceOrientations_iPad = "UIInterfaceOrientationPortrait UIInterfaceOrientationPortraitUpsideDown UIInterfaceOrientationLandscapeLeft UIInterfaceOrientationLandscapeRight";
				INFOPLIST_KEY_UISupportedInterfaceOrientations_iPhone = "UIInterfaceOrientationPortrait UIInterfaceOrientationLandscapeLeft UIInterfaceOrientationLandscapeRight";
				LD_RUNPATH_SEARCH_PATHS = (
					"$(inherited)",
					"@executable_path/Frameworks",
				);
				MARKETING_VERSION = 1.0;
				PRODUCT_BUNDLE_IDENTIFIER = "-1johnh21.geo-gnosis-ios";
				PRODUCT_NAME = "$(TARGET_NAME)";
				SWIFT_EMIT_LOC_STRINGS = YES;
				SWIFT_VERSION = 5.0;
				TARGETED_DEVICE_FAMILY = "1,2";
			};
			name = Debug;
		};
		F827D5B429777AF5007DE110 /* Release */ = {
			isa = XCBuildConfiguration;
			buildSettings = {
				ASSETCATALOG_COMPILER_APPICON_NAME = AppIcon;
				ASSETCATALOG_COMPILER_GLOBAL_ACCENT_COLOR_NAME = AccentColor;
				CODE_SIGN_STYLE = Automatic;
				CURRENT_PROJECT_VERSION = 1;
				DEVELOPMENT_ASSET_PATHS = "\"geo_gnosis_ios/Preview Content\"";
				DEVELOPMENT_TEAM = W86B92N72B;
				ENABLE_PREVIEWS = YES;
				GENERATE_INFOPLIST_FILE = YES;
				INFOPLIST_FILE = "geo-gnosis-ios-Info.plist";
				INFOPLIST_KEY_UIApplicationSceneManifest_Generation = YES;
				INFOPLIST_KEY_UIApplicationSupportsIndirectInputEvents = YES;
				INFOPLIST_KEY_UILaunchScreen_Generation = YES;
				INFOPLIST_KEY_UISupportedInterfaceOrientations_iPad = "UIInterfaceOrientationPortrait UIInterfaceOrientationPortraitUpsideDown UIInterfaceOrientationLandscapeLeft UIInterfaceOrientationLandscapeRight";
				INFOPLIST_KEY_UISupportedInterfaceOrientations_iPhone = "UIInterfaceOrientationPortrait UIInterfaceOrientationLandscapeLeft UIInterfaceOrientationLandscapeRight";
				LD_RUNPATH_SEARCH_PATHS = (
					"$(inherited)",
					"@executable_path/Frameworks",
				);
				MARKETING_VERSION = 1.0;
				PRODUCT_BUNDLE_IDENTIFIER = "-1johnh21.geo-gnosis-ios";
				PRODUCT_NAME = "$(TARGET_NAME)";
				SWIFT_EMIT_LOC_STRINGS = YES;
				SWIFT_VERSION = 5.0;
				TARGETED_DEVICE_FAMILY = "1,2";
			};
			name = Release;
		};
		F827D5B629777AF5007DE110 /* Debug */ = {
			isa = XCBuildConfiguration;
			buildSettings = {
				ALWAYS_EMBED_SWIFT_STANDARD_LIBRARIES = YES;
				BUNDLE_LOADER = "$(TEST_HOST)";
				CODE_SIGN_STYLE = Automatic;
				CURRENT_PROJECT_VERSION = 1;
				GENERATE_INFOPLIST_FILE = YES;
				IPHONEOS_DEPLOYMENT_TARGET = 16.2;
				MARKETING_VERSION = 1.0;
				PRODUCT_BUNDLE_IDENTIFIER = "-1johnh21.geo-gnosis-iosTests";
				PRODUCT_NAME = "$(TARGET_NAME)";
				SWIFT_EMIT_LOC_STRINGS = NO;
				SWIFT_VERSION = 5.0;
				TARGETED_DEVICE_FAMILY = "1,2";
				TEST_HOST = "$(BUILT_PRODUCTS_DIR)/$(BUILT_PRODUCTS_DIR)/geo_gnosis_ios.app/geo_gnosis_ios";
			};
			name = Debug;
		};
		F827D5B729777AF5007DE110 /* Release */ = {
			isa = XCBuildConfiguration;
			buildSettings = {
				ALWAYS_EMBED_SWIFT_STANDARD_LIBRARIES = YES;
				BUNDLE_LOADER = "$(TEST_HOST)";
				CODE_SIGN_STYLE = Automatic;
				CURRENT_PROJECT_VERSION = 1;
				GENERATE_INFOPLIST_FILE = YES;
				IPHONEOS_DEPLOYMENT_TARGET = 16.2;
				MARKETING_VERSION = 1.0;
				PRODUCT_BUNDLE_IDENTIFIER = "-1johnh21.geo-gnosis-iosTests";
				PRODUCT_NAME = "$(TARGET_NAME)";
				SWIFT_EMIT_LOC_STRINGS = NO;
				SWIFT_VERSION = 5.0;
				TARGETED_DEVICE_FAMILY = "1,2";
				TEST_HOST = "$(BUILT_PRODUCTS_DIR)/$(BUILT_PRODUCTS_DIR)/geo_gnosis_ios.app/geo_gnosis_ios";
			};
			name = Release;
		};
		F827D5B929777AF5007DE110 /* Debug */ = {
			isa = XCBuildConfiguration;
			buildSettings = {
				ALWAYS_EMBED_SWIFT_STANDARD_LIBRARIES = YES;
				CODE_SIGN_STYLE = Automatic;
				CURRENT_PROJECT_VERSION = 1;
				GENERATE_INFOPLIST_FILE = YES;
				MARKETING_VERSION = 1.0;
				PRODUCT_BUNDLE_IDENTIFIER = "-1johnh21.geo-gnosis-iosUITests";
				PRODUCT_NAME = "$(TARGET_NAME)";
				SWIFT_EMIT_LOC_STRINGS = NO;
				SWIFT_VERSION = 5.0;
				TARGETED_DEVICE_FAMILY = "1,2";
				TEST_TARGET_NAME = geo_gnosis_ios;
			};
			name = Debug;
		};
		F827D5BA29777AF5007DE110 /* Release */ = {
			isa = XCBuildConfiguration;
			buildSettings = {
				ALWAYS_EMBED_SWIFT_STANDARD_LIBRARIES = YES;
				CODE_SIGN_STYLE = Automatic;
				CURRENT_PROJECT_VERSION = 1;
				GENERATE_INFOPLIST_FILE = YES;
				MARKETING_VERSION = 1.0;
				PRODUCT_BUNDLE_IDENTIFIER = "-1johnh21.geo-gnosis-iosUITests";
				PRODUCT_NAME = "$(TARGET_NAME)";
				SWIFT_EMIT_LOC_STRINGS = NO;
				SWIFT_VERSION = 5.0;
				TARGETED_DEVICE_FAMILY = "1,2";
				TEST_TARGET_NAME = geo_gnosis_ios;
			};
			name = Release;
		};
/* End XCBuildConfiguration section */

/* Begin XCConfigurationList section */
		F827D58929777AF4007DE110 /* Build configuration list for PBXProject "geo_gnosis_ios" */ = {
			isa = XCConfigurationList;
			buildConfigurations = (
				F827D5B029777AF5007DE110 /* Debug */,
				F827D5B129777AF5007DE110 /* Release */,
			);
			defaultConfigurationIsVisible = 0;
			defaultConfigurationName = Release;
		};
		F827D5B229777AF5007DE110 /* Build configuration list for PBXNativeTarget "geo_gnosis_ios" */ = {
			isa = XCConfigurationList;
			buildConfigurations = (
				F827D5B329777AF5007DE110 /* Debug */,
				F827D5B429777AF5007DE110 /* Release */,
			);
			defaultConfigurationIsVisible = 0;
			defaultConfigurationName = Release;
		};
		F827D5B529777AF5007DE110 /* Build configuration list for PBXNativeTarget "geo_gnosis_iosTests" */ = {
			isa = XCConfigurationList;
			buildConfigurations = (
				F827D5B629777AF5007DE110 /* Debug */,
				F827D5B729777AF5007DE110 /* Release */,
			);
			defaultConfigurationIsVisible = 0;
			defaultConfigurationName = Release;
		};
		F827D5B829777AF5007DE110 /* Build configuration list for PBXNativeTarget "geo_gnosis_iosUITests" */ = {
			isa = XCConfigurationList;
			buildConfigurations = (
				F827D5B929777AF5007DE110 /* Debug */,
				F827D5BA29777AF5007DE110 /* Release */,
			);
			defaultConfigurationIsVisible = 0;
			defaultConfigurationName = Release;
		};
/* End XCConfigurationList section */

/* Begin XCRemoteSwiftPackageReference section */
		F8947BD3299B10280030BFCA /* XCRemoteSwiftPackageReference "firebase-ios-sdk" */ = {
			isa = XCRemoteSwiftPackageReference;
			repositoryURL = "https://github.com/firebase/firebase-ios-sdk";
			requirement = {
				kind = upToNextMajorVersion;
				minimumVersion = 9.0.0;
			};
		};
/* End XCRemoteSwiftPackageReference section */

/* Begin XCSwiftPackageProductDependency section */
		F8947BD4299B10280030BFCA /* FirebaseAnalytics */ = {
			isa = XCSwiftPackageProductDependency;
			package = F8947BD3299B10280030BFCA /* XCRemoteSwiftPackageReference "firebase-ios-sdk" */;
			productName = FirebaseAnalytics;
		};
		F8947BD6299B10280030BFCA /* FirebaseAnalyticsSwift */ = {
			isa = XCSwiftPackageProductDependency;
			package = F8947BD3299B10280030BFCA /* XCRemoteSwiftPackageReference "firebase-ios-sdk" */;
			productName = FirebaseAnalyticsSwift;
		};
		F8996FDF29AC0DDE0039C685 /* FirebaseFirestore */ = {
			isa = XCSwiftPackageProductDependency;
			package = F8947BD3299B10280030BFCA /* XCRemoteSwiftPackageReference "firebase-ios-sdk" */;
			productName = FirebaseFirestore;
		};
		F8996FE129AC0E090039C685 /* FirebaseAuth */ = {
			isa = XCSwiftPackageProductDependency;
			package = F8947BD3299B10280030BFCA /* XCRemoteSwiftPackageReference "firebase-ios-sdk" */;
			productName = FirebaseAuth;
		};
		F8996FE329AC0E3B0039C685 /* FirebaseFirestore */ = {
			isa = XCSwiftPackageProductDependency;
			package = F8947BD3299B10280030BFCA /* XCRemoteSwiftPackageReference "firebase-ios-sdk" */;
			productName = FirebaseFirestore;
		};
		F8996FE529AC0E4A0039C685 /* FirebaseFirestore */ = {
			isa = XCSwiftPackageProductDependency;
			package = F8947BD3299B10280030BFCA /* XCRemoteSwiftPackageReference "firebase-ios-sdk" */;
			productName = FirebaseFirestore;
		};
		F8996FE729AD7B840039C685 /* FirebaseFirestoreSwift */ = {
			isa = XCSwiftPackageProductDependency;
			package = F8947BD3299B10280030BFCA /* XCRemoteSwiftPackageReference "firebase-ios-sdk" */;
			productName = FirebaseFirestoreSwift;
		};
/* End XCSwiftPackageProductDependency section */
	};
	rootObject = F827D58629777AF4007DE110 /* Project object */;
}
